
Microsoft Visual Studio Solution File, Format Version 12.00
# Visual Studio 11
Project("{FAE04EC0-301F-11D3-BF4B-00C04F79EFBC}") = "WEB", "src\WEB\WEB.csproj", "{54B65B96-4EA4-438D-A125-46E660742ED9}"
EndProject
Project("{FAE04EC0-301F-11D3-BF4B-00C04F79EFBC}") = "DAL", "src\DAL\DAL.csproj", "{77835E52-99F1-4F08-A892-1924AF63B630}"
EndProject
Project("{FAE04EC0-301F-11D3-BF4B-00C04F79EFBC}") = "BLL", "src\BLL\BLL.csproj", "{3CB27064-4932-4040-BD97-EC6A9E5926F7}"
EndProject
Project("{FAE04EC0-301F-11D3-BF4B-00C04F79EFBC}") = "Unitity", "src\Unitity\Unitity.csproj", "{DADD901A-DCBD-42B2-8CEB-A1E709638DB3}"
EndProject
Project("{FAE04EC0-301F-11D3-BF4B-00C04F79EFBC}") = "MODEL", "src\MODEL\MODEL.csproj", "{AFFA0D3C-854C-4781-827B-4FF38D6FA9BE}"
EndProject
Global
	GlobalSection(SolutionConfigurationPlatforms) = preSolution
		Debug|Any CPU = Debug|Any CPU
		Release|Any CPU = Release|Any CPU
	EndGlobalSection
	GlobalSection(ProjectConfigurationPlatforms) = postSolution
		{3CB27064-4932-4040-BD97-EC6A9E5926F7}.Debug|Any CPU.ActiveCfg = Debug|Any CPU
		{3CB27064-4932-4040-BD97-EC6A9E5926F7}.Debug|Any CPU.Build.0 = Debug|Any CPU
		{3CB27064-4932-4040-BD97-EC6A9E5926F7}.Release|Any CPU.ActiveCfg = Release|Any CPU
		{3CB27064-4932-4040-BD97-EC6A9E5926F7}.Release|Any CPU.Build.0 = Release|Any CPU
		{54B65B96-4EA4-438D-A125-46E660742ED9}.Debug|Any CPU.ActiveCfg = Debug|Any CPU
		{54B65B96-4EA4-438D-A125-46E660742ED9}.Debug|Any CPU.Build.0 = Debug|Any CPU
		{54B65B96-4EA4-438D-A125-46E660742ED9}.Release|Any CPU.ActiveCfg = Release|Any CPU
		{54B65B96-4EA4-438D-A125-46E660742ED9}.Release|Any CPU.Build.0 = Release|Any CPU
		{77835E52-99F1-4F08-A892-1924AF63B630}.Debug|Any CPU.ActiveCfg = Debug|Any CPU
		{77835E52-99F1-4F08-A892-1924AF63B630}.Debug|Any CPU.Build.0 = Debug|Any CPU
		{77835E52-99F1-4F08-A892-1924AF63B630}.Release|Any CPU.ActiveCfg = Release|Any CPU
		{77835E52-99F1-4F08-A892-1924AF63B630}.Release|Any CPU.Build.0 = Release|Any CPU
		{AFFA0D3C-854C-4781-827B-4FF38D6FA9BE}.Debug|Any CPU.ActiveCfg = Debug|Any CPU
		{AFFA0D3C-854C-4781-827B-4FF38D6FA9BE}.Debug|Any CPU.Build.0 = Debug|Any CPU
		{AFFA0D3C-854C-4781-827B-4FF38D6FA9BE}.Release|Any CPU.ActiveCfg = Release|Any CPU
		{AFFA0D3C-854C-4781-827B-4FF38D6FA9BE}.Release|Any CPU.Build.0 = Release|Any CPU
		{DADD901A-DCBD-42B2-8CEB-A1E709638DB3}.Debug|Any CPU.ActiveCfg = Debug|Any CPU
		{DADD901A-DCBD-42B2-8CEB-A1E709638DB3}.Debug|Any CPU.Build.0 = Debug|Any CPU
		{DADD901A-DCBD-42B2-8CEB-A1E709638DB3}.Release|Any CPU.ActiveCfg = Release|Any CPU
		{DADD901A-DCBD-42B2-8CEB-A1E709638DB3}.Release|Any CPU.Build.0 = Release|Any CPU
	EndGlobalSection
	GlobalSection(SolutionProperties) = preSolution
		HideSolutionNode = FALSE
	EndGlobalSection
EndGlobal
